<?xml version="1.0" encoding="utf-8"?>
<Project ToolsVersion="4.0" xmlns="http://schemas.microsoft.com/developer/msbuild/2003">
  <ItemGroup>
    <Filter Include="win32">
      <UniqueIdentifier>{84a8ebd7-7cf0-47f6-b75e-d441df67da40}</UniqueIdentifier>
    </Filter>
    <Filter Include="Classes">
      <UniqueIdentifier>{bb6c862e-70e9-49d9-81b7-3829a6f50471}</UniqueIdentifier>
    </Filter>
    <Filter Include="resource">
      <UniqueIdentifier>{715254bc-d70b-4ec5-bf29-467dd3ace079}</UniqueIdentifier>
    </Filter>
    <Filter Include="Classes\GameScene">
      <UniqueIdentifier>{2c7f17f2-07b3-4408-bbeb-95ab5cec9ec8}</UniqueIdentifier>
    </Filter>
    <Filter Include="Classes\GameScene\Object">
      <UniqueIdentifier>{cdf00e1d-8718-452f-8aec-2315e28c9eac}</UniqueIdentifier>
    </Filter>
    <Filter Include="Classes\MainScene">
      <UniqueIdentifier>{0674d529-27db-48a9-a13e-9d231af5cf63}</UniqueIdentifier>
    </Filter>
    <Filter Include="Classes\Core">
      <UniqueIdentifier>{d728b689-848d-4ce4-9186-5a4862ecb74d}</UniqueIdentifier>
    </Filter>
  </ItemGroup>
  <ItemGroup>
    <ClCompile Include="main.cpp">
      <Filter>win32</Filter>
    </ClCompile>
    <ClCompile Include="..\Classes\AppDelegate.cpp">
      <Filter>Classes</Filter>
    </ClCompile>
    <ClCompile Include="..\Classes\KCDirector.cpp">
      <Filter>Classes\Core</Filter>
    </ClCompile>
    <ClCompile Include="..\Classes\KCNetworkMgr.cpp">
      <Filter>Classes\Core</Filter>
    </ClCompile>
    <ClCompile Include="..\Classes\KCSceneMgr.cpp">
      <Filter>Classes\Core</Filter>
    </ClCompile>
    <ClCompile Include="..\Classes\KCDataMgr.cpp">
      <Filter>Classes\Core</Filter>
    </ClCompile>
    <ClCompile Include="..\Classes\KCTrap.cpp">
      <Filter>Classes\GameScene\Object</Filter>
    </ClCompile>
    <ClCompile Include="..\Classes\KCPlayer.cpp">
      <Filter>Classes\GameScene\Object</Filter>
    </ClCompile>
    <ClCompile Include="..\Classes\KCGameScene.cpp">
      <Filter>Classes\GameScene</Filter>
    </ClCompile>
    <ClCompile Include="..\Classes\KCPopupLayer.cpp">
      <Filter>Classes\GameScene</Filter>
    </ClCompile>
    <ClCompile Include="..\Classes\KCUIlayer.cpp">
      <Filter>Classes\GameScene</Filter>
    </ClCompile>
    <ClCompile Include="..\Classes\KCGameLayer.cpp">
      <Filter>Classes\GameScene</Filter>
    </ClCompile>
    <ClCompile Include="..\Classes\KCMainScene.cpp">
      <Filter>Classes\MainScene</Filter>
    </ClCompile>
    <ClCompile Include="..\Classes\KCEditerScene.cpp">
      <Filter>Classes\MainScene</Filter>
    </ClCompile>
    <ClCompile Include="..\Classes\KCRankScene.cpp">
      <Filter>Classes\MainScene</Filter>
    </ClCompile>
  </ItemGroup>
  <ItemGroup>
    <ClInclude Include="main.h">
      <Filter>win32</Filter>
    </ClInclude>
    <ClInclude Include="..\Classes\AppDelegate.h">
      <Filter>Classes</Filter>
    </ClInclude>
    <ClInclude Include="..\Classes\KCDirector.h">
      <Filter>Classes\Core</Filter>
    </ClInclude>
    <ClInclude Include="..\Classes\KCNetworkMgr.h">
      <Filter>Classes\Core</Filter>
    </ClInclude>
    <ClInclude Include="..\Classes\KCSceneMgr.h">
      <Filter>Classes\Core</Filter>
    </ClInclude>
    <ClInclude Include="..\Classes\KCDataMgr.h">
      <Filter>Classes\Core</Filter>
    </ClInclude>
    <ClInclude Include="..\Classes\KCTrap.h">
      <Filter>Classes\GameScene\Object</Filter>
    </ClInclude>
    <ClInclude Include="..\Classes\KCPlayer.h">
      <Filter>Classes\GameScene\Object</Filter>
    </ClInclude>
    <ClInclude Include="..\Classes\KCGameScene.h">
      <Filter>Classes\GameScene</Filter>
    </ClInclude>
    <ClInclude Include="..\Classes\KCPopupLayer.h">
      <Filter>Classes\GameScene</Filter>
    </ClInclude>
    <ClInclude Include="..\Classes\KCUIlayer.h">
      <Filter>Classes\GameScene</Filter>
    </ClInclude>
    <ClInclude Include="..\Classes\KCGameLayer.h">
      <Filter>Classes\GameScene</Filter>
    </ClInclude>
    <ClInclude Include="..\Classes\KCMainScene.h">
      <Filter>Classes\MainScene</Filter>
    </ClInclude>
    <ClInclude Include="..\Classes\KCRankScene.h">
      <Filter>Classes\MainScene</Filter>
    </ClInclude>
    <ClInclude Include="..\Classes\KCEditerScene.h">
      <Filter>Classes\MainScene</Filter>
    </ClInclude>
  </ItemGroup>
  <ItemGroup>
    <ResourceCompile Include="game.rc">
      <Filter>resource</Filter>
    </ResourceCompile>
  </ItemGroup>
</Project>